
Microsoft Visual Studio Solution File, Format Version 12.00
# Visual Studio Version 17
VisualStudioVersion = 17.12.35527.113
MinimumVisualStudioVersion = 10.0.40219.1
Project("{2150E333-8FDC-42A3-9474-1A3956D46DE8}") = "Cores", "Cores", "{127F2D72-F55A-4EDE-9EAC-14F619AA910C}"
EndProject
Project("{FAE04EC0-301F-11D3-BF4B-00C04F79EFBC}") = "CadViewer", "CadViewer\CadViewer.csproj", "{92603D8B-7670-4357-8EAE-B2DFECE4AF1D}"
	ProjectSection(ProjectDependencies) = postProject
		{149E22BA-42E6-4073-A3D4-68B2BD9C9DA5} = {149E22BA-42E6-4073-A3D4-68B2BD9C9DA5}
		{5140F236-4A74-4D34-91FB-0F8187CCFDD9} = {5140F236-4A74-4D34-91FB-0F8187CCFDD9}
	EndProjectSection
EndProject
Project("{8BC9CEB8-8B4A-11D0-8D11-00A0C91BC942}") = "PCBModelData", "PCBModelData\PCBModelData.vcxproj", "{149E22BA-42E6-4073-A3D4-68B2BD9C9DA5}"
EndProject
Project("{8BC9CEB8-8B4A-11D0-8D11-00A0C91BC942}") = "PCBView", "PCBViewer\PCBViewer.vcxproj", "{5140F236-4A74-4D34-91FB-0F8187CCFDD9}"
EndProject
Project("{2150E333-8FDC-42A3-9474-1A3956D46DE8}") = "Graphics", "Graphics", "{396BA03F-C5CB-49FC-A7AF-BA41C7A2A5EA}"
	ProjectSection(SolutionItems) = preProject
		Core\Graphics\xctx.h = Core\Graphics\xctx.h
		Core\Graphics\xopenglctx.h = Core\Graphics\xopenglctx.h
	EndProjectSection
EndProject
Project("{2150E333-8FDC-42A3-9474-1A3956D46DE8}") = "OpenGL", "OpenGL", "{85334817-4ED8-4CE6-9BD8-4C62451FD372}"
	ProjectSection(SolutionItems) = preProject
		Core\Graphics\OpenGL\eglew.h = Core\Graphics\OpenGL\eglew.h
		Core\Graphics\OpenGL\glew.h = Core\Graphics\OpenGL\glew.h
		Core\Graphics\OpenGL\glxew.h = Core\Graphics\OpenGL\glxew.h
		Core\Graphics\OpenGL\wglew.h = Core\Graphics\OpenGL\wglew.h
	EndProjectSection
EndProject
Project("{2150E333-8FDC-42A3-9474-1A3956D46DE8}") = "Modules", "Modules", "{29F1CB42-7AEE-424A-AB07-4566718A6673}"
	ProjectSection(SolutionItems) = preProject
		Core\Modules\NotifyObject.h = Core\Modules\NotifyObject.h
	EndProjectSection
EndProject
Project("{2150E333-8FDC-42A3-9474-1A3956D46DE8}") = "Common", "Common", "{6559EAF7-9B23-4EEF-9BC1-A478EA9FEF71}"
	ProjectSection(SolutionItems) = preProject
		Core\Common\apicom.h = Core\Common\apicom.h
		Core\Common\apidef.h = Core\Common\apidef.h
		Core\Common\dllexports.h = Core\Common\dllexports.h
	EndProjectSection
EndProject
Global
	GlobalSection(SolutionConfigurationPlatforms) = preSolution
		Debug|Any CPU = Debug|Any CPU
		Debug|x64 = Debug|x64
		Debug|x86 = Debug|x86
		Release|Any CPU = Release|Any CPU
		Release|x64 = Release|x64
		Release|x86 = Release|x86
	EndGlobalSection
	GlobalSection(ProjectConfigurationPlatforms) = postSolution
		{92603D8B-7670-4357-8EAE-B2DFECE4AF1D}.Debug|Any CPU.ActiveCfg = Debug|Any CPU
		{92603D8B-7670-4357-8EAE-B2DFECE4AF1D}.Debug|Any CPU.Build.0 = Debug|Any CPU
		{92603D8B-7670-4357-8EAE-B2DFECE4AF1D}.Debug|x64.ActiveCfg = Debug|Any CPU
		{92603D8B-7670-4357-8EAE-B2DFECE4AF1D}.Debug|x64.Build.0 = Debug|Any CPU
		{92603D8B-7670-4357-8EAE-B2DFECE4AF1D}.Debug|x86.ActiveCfg = Debug|Any CPU
		{92603D8B-7670-4357-8EAE-B2DFECE4AF1D}.Debug|x86.Build.0 = Debug|Any CPU
		{92603D8B-7670-4357-8EAE-B2DFECE4AF1D}.Release|Any CPU.ActiveCfg = Release|Any CPU
		{92603D8B-7670-4357-8EAE-B2DFECE4AF1D}.Release|Any CPU.Build.0 = Release|Any CPU
		{92603D8B-7670-4357-8EAE-B2DFECE4AF1D}.Release|x64.ActiveCfg = Release|Any CPU
		{92603D8B-7670-4357-8EAE-B2DFECE4AF1D}.Release|x64.Build.0 = Release|Any CPU
		{92603D8B-7670-4357-8EAE-B2DFECE4AF1D}.Release|x86.ActiveCfg = Release|Any CPU
		{92603D8B-7670-4357-8EAE-B2DFECE4AF1D}.Release|x86.Build.0 = Release|Any CPU
		{149E22BA-42E6-4073-A3D4-68B2BD9C9DA5}.Debug|Any CPU.ActiveCfg = Debug|x64
		{149E22BA-42E6-4073-A3D4-68B2BD9C9DA5}.Debug|Any CPU.Build.0 = Debug|x64
		{149E22BA-42E6-4073-A3D4-68B2BD9C9DA5}.Debug|x64.ActiveCfg = Debug|x64
		{149E22BA-42E6-4073-A3D4-68B2BD9C9DA5}.Debug|x64.Build.0 = Debug|x64
		{149E22BA-42E6-4073-A3D4-68B2BD9C9DA5}.Debug|x86.ActiveCfg = Debug|Win32
		{149E22BA-42E6-4073-A3D4-68B2BD9C9DA5}.Debug|x86.Build.0 = Debug|Win32
		{149E22BA-42E6-4073-A3D4-68B2BD9C9DA5}.Release|Any CPU.ActiveCfg = Release|x64
		{149E22BA-42E6-4073-A3D4-68B2BD9C9DA5}.Release|Any CPU.Build.0 = Release|x64
		{149E22BA-42E6-4073-A3D4-68B2BD9C9DA5}.Release|x64.ActiveCfg = Release|x64
		{149E22BA-42E6-4073-A3D4-68B2BD9C9DA5}.Release|x64.Build.0 = Release|x64
		{149E22BA-42E6-4073-A3D4-68B2BD9C9DA5}.Release|x86.ActiveCfg = Release|Win32
		{149E22BA-42E6-4073-A3D4-68B2BD9C9DA5}.Release|x86.Build.0 = Release|Win32
		{5140F236-4A74-4D34-91FB-0F8187CCFDD9}.Debug|Any CPU.ActiveCfg = Debug|x64
		{5140F236-4A74-4D34-91FB-0F8187CCFDD9}.Debug|Any CPU.Build.0 = Debug|x64
		{5140F236-4A74-4D34-91FB-0F8187CCFDD9}.Debug|x64.ActiveCfg = Debug|x64
		{5140F236-4A74-4D34-91FB-0F8187CCFDD9}.Debug|x64.Build.0 = Debug|x64
		{5140F236-4A74-4D34-91FB-0F8187CCFDD9}.Debug|x86.ActiveCfg = Debug|Win32
		{5140F236-4A74-4D34-91FB-0F8187CCFDD9}.Debug|x86.Build.0 = Debug|Win32
		{5140F236-4A74-4D34-91FB-0F8187CCFDD9}.Release|Any CPU.ActiveCfg = Release|x64
		{5140F236-4A74-4D34-91FB-0F8187CCFDD9}.Release|Any CPU.Build.0 = Release|x64
		{5140F236-4A74-4D34-91FB-0F8187CCFDD9}.Release|x64.ActiveCfg = Release|x64
		{5140F236-4A74-4D34-91FB-0F8187CCFDD9}.Release|x64.Build.0 = Release|x64
		{5140F236-4A74-4D34-91FB-0F8187CCFDD9}.Release|x86.ActiveCfg = Release|Win32
		{5140F236-4A74-4D34-91FB-0F8187CCFDD9}.Release|x86.Build.0 = Release|Win32
	EndGlobalSection
	GlobalSection(SolutionProperties) = preSolution
		HideSolutionNode = FALSE
	EndGlobalSection
	GlobalSection(NestedProjects) = preSolution
		{396BA03F-C5CB-49FC-A7AF-BA41C7A2A5EA} = {127F2D72-F55A-4EDE-9EAC-14F619AA910C}
		{85334817-4ED8-4CE6-9BD8-4C62451FD372} = {396BA03F-C5CB-49FC-A7AF-BA41C7A2A5EA}
		{29F1CB42-7AEE-424A-AB07-4566718A6673} = {127F2D72-F55A-4EDE-9EAC-14F619AA910C}
		{6559EAF7-9B23-4EEF-9BC1-A478EA9FEF71} = {127F2D72-F55A-4EDE-9EAC-14F619AA910C}
	EndGlobalSection
	GlobalSection(ExtensibilityGlobals) = postSolution
		SolutionGuid = {1A44E2BF-116A-4BB4-B1C8-8EC41CFF5058}
	EndGlobalSection
EndGlobal
