<?xml version="1.0" encoding="utf-8"?>
<Project ToolsVersion="4.0" xmlns="http://schemas.microsoft.com/developer/msbuild/2003">
  <ItemGroup>
    <Filter Include="Source Files">
      <UniqueIdentifier>{4FC737F1-C7A5-4376-A066-2A32D752A2FF}</UniqueIdentifier>
      <Extensions>cpp;c;cc;cxx;c++;cppm;ixx;def;odl;idl;hpj;bat;asm;asmx</Extensions>
    </Filter>
    <Filter Include="Header Files">
      <UniqueIdentifier>{93995380-89BD-4b04-88EB-625FBE52EBFB}</UniqueIdentifier>
      <Extensions>h;hh;hpp;hxx;h++;hm;inl;inc;ipp;xsd</Extensions>
    </Filter>
    <Filter Include="Resource Files">
      <UniqueIdentifier>{67DA6AB6-F800-4c08-8B7A-83BB121AAD01}</UniqueIdentifier>
      <Extensions>rc;ico;cur;bmp;dlg;rc2;rct;bin;rgs;gif;jpg;jpeg;jpe;resx;tiff;tif;png;wav;mfcribbon-ms</Extensions>
    </Filter>
    <Filter Include="Header Files\graphics">
      <UniqueIdentifier>{1df7fc74-ad9f-4aa0-b38c-f8cd312ad05d}</UniqueIdentifier>
    </Filter>
    <Filter Include="Header Files\modules">
      <UniqueIdentifier>{6a56458e-c108-4442-a46c-62206b7c33fe}</UniqueIdentifier>
    </Filter>
    <Filter Include="Header Files\common">
      <UniqueIdentifier>{924cc71f-34b0-4f51-adde-a791dabe473a}</UniqueIdentifier>
    </Filter>
    <Filter Include="Source Files\common">
      <UniqueIdentifier>{108991a1-fd37-44de-b90a-1407108701ea}</UniqueIdentifier>
    </Filter>
    <Filter Include="Source Files\graphics">
      <UniqueIdentifier>{6e0f50d1-38b6-4fd6-b148-237af74ee61a}</UniqueIdentifier>
    </Filter>
    <Filter Include="Source Files\modules">
      <UniqueIdentifier>{ca06c37a-8450-4284-9629-92a9f91e0e79}</UniqueIdentifier>
    </Filter>
    <Filter Include="Header Files\draw_systems">
      <UniqueIdentifier>{b942678f-48a9-4b35-b820-bcd7d728c9e1}</UniqueIdentifier>
    </Filter>
    <Filter Include="Source Files\draw_systems">
      <UniqueIdentifier>{ff93a040-2f9a-4c82-9fdf-0c973c84f151}</UniqueIdentifier>
    </Filter>
    <Filter Include="Header Files\graphics\fonts">
      <UniqueIdentifier>{e6defb01-64bd-4581-9ac9-e3f0d1d6b4cd}</UniqueIdentifier>
    </Filter>
    <Filter Include="Source Files\graphics\fonts">
      <UniqueIdentifier>{61f94654-6090-4d61-adb8-b97f824e077e}</UniqueIdentifier>
    </Filter>
    <Filter Include="Header Files\graphics\camera">
      <UniqueIdentifier>{49bd3abe-3282-44ca-a15d-48a23ee12b39}</UniqueIdentifier>
    </Filter>
    <Filter Include="Source Files\graphics\camera">
      <UniqueIdentifier>{c4a3cb34-08ec-4e31-a767-849f04d6cd44}</UniqueIdentifier>
    </Filter>
    <Filter Include="Header Files\render">
      <UniqueIdentifier>{ba16ffe8-b3ab-4803-8d06-89a5173a2c73}</UniqueIdentifier>
    </Filter>
    <Filter Include="Source Files\render">
      <UniqueIdentifier>{f1a54e52-1cb0-4678-81f3-bca621c1e56f}</UniqueIdentifier>
    </Filter>
    <Filter Include="Header Files\draw_objects">
      <UniqueIdentifier>{7c9e8829-fb50-4577-883e-056883d1e014}</UniqueIdentifier>
    </Filter>
    <Filter Include="Source Files\draw_objects">
      <UniqueIdentifier>{70a884e8-ae7f-4f78-b260-456710661fa4}</UniqueIdentifier>
    </Filter>
  </ItemGroup>
  <ItemGroup>
    <ClInclude Include="PCBView.h">
      <Filter>Header Files</Filter>
    </ClInclude>
    <ClInclude Include="PCBViewIF.h">
      <Filter>Header Files</Filter>
    </ClInclude>
    <ClInclude Include="PCBViewDef.h">
      <Filter>Header Files</Filter>
    </ClInclude>
    <ClInclude Include="..\Library\tfxlibs\include\common\tfx_type.h">
      <Filter>Header Files\common</Filter>
    </ClInclude>
    <ClInclude Include="..\Library\tfxlibs\include\common\tfx_def.h">
      <Filter>Header Files\common</Filter>
    </ClInclude>
    <ClInclude Include="..\Library\tfxlibs\include\graphics\rendering\xrendertype.h">
      <Filter>Header Files\graphics</Filter>
    </ClInclude>
    <ClInclude Include="ViewBehavior.h">
      <Filter>Header Files</Filter>
    </ClInclude>
    <ClInclude Include="..\Library\tfxlibs\include\modules\inputdevice.h">
      <Filter>Header Files\modules</Filter>
    </ClInclude>
    <ClInclude Include="WInputDeviceMap.h">
      <Filter>Header Files</Filter>
    </ClInclude>
    <ClInclude Include="..\Library\tfxlibs\include\common\apicom.h">
      <Filter>Header Files\common</Filter>
    </ClInclude>
    <ClInclude Include="..\Library\tfxlibs\include\common\apidef.h">
      <Filter>Header Files\common</Filter>
    </ClInclude>
    <ClInclude Include="..\Library\tfxlibs\include\graphics\rendering\shader\xshader.h">
      <Filter>Header Files\graphics</Filter>
    </ClInclude>
    <ClInclude Include="..\Library\tfxlibs\include\graphics\rendering\shader\xglshader.h">
      <Filter>Header Files\graphics</Filter>
    </ClInclude>
    <ClInclude Include="RenderModelManager.h">
      <Filter>Header Files</Filter>
    </ClInclude>
    <ClInclude Include="DrawObject.h">
      <Filter>Header Files</Filter>
    </ClInclude>
    <ClInclude Include="PCBViewType.h">
      <Filter>Header Files</Filter>
    </ClInclude>
    <ClInclude Include="PolyDrawObject.h">
      <Filter>Header Files\draw_objects</Filter>
    </ClInclude>
    <ClInclude Include="GLRenderDataBuilder.h">
      <Filter>Header Files\render</Filter>
    </ClInclude>
    <ClInclude Include="GLRenderer.h">
      <Filter>Header Files\render</Filter>
    </ClInclude>
    <ClInclude Include="RenderDef.h">
      <Filter>Header Files\render</Filter>
    </ClInclude>
    <ClInclude Include="RenderCache.h">
      <Filter>Header Files\render</Filter>
    </ClInclude>
    <ClInclude Include="RenderEngine.h">
      <Filter>Header Files\render</Filter>
    </ClInclude>
    <ClInclude Include="GLRenderData.h">
      <Filter>Header Files\render</Filter>
    </ClInclude>
    <ClInclude Include="RenderData.h">
      <Filter>Header Files\render</Filter>
    </ClInclude>
    <ClInclude Include="RenderDataBuilder.h">
      <Filter>Header Files\render</Filter>
    </ClInclude>
    <ClInclude Include="GLRenderEngine.h">
      <Filter>Header Files\render</Filter>
    </ClInclude>
    <ClInclude Include="Renderer.h">
      <Filter>Header Files\render</Filter>
    </ClInclude>
    <ClInclude Include="RenderComponent.h">
      <Filter>Header Files\render</Filter>
    </ClInclude>
    <ClInclude Include="PolyDrawSystem.h">
      <Filter>Header Files\draw_systems</Filter>
    </ClInclude>
    <ClInclude Include="DrawSystem.h">
      <Filter>Header Files\draw_systems</Filter>
    </ClInclude>
    <ClInclude Include="RenderContext.h">
      <Filter>Header Files\render</Filter>
    </ClInclude>
    <ClInclude Include="LineDrawObject.h">
      <Filter>Header Files\draw_objects</Filter>
    </ClInclude>
    <ClInclude Include="LineDrawSystem.h">
      <Filter>Header Files\draw_systems</Filter>
    </ClInclude>
    <ClInclude Include="CircleDrawSystem.h">
      <Filter>Header Files\draw_systems</Filter>
    </ClInclude>
    <ClInclude Include="CircleDrawObject.h">
      <Filter>Header Files\draw_objects</Filter>
    </ClInclude>
    <ClInclude Include="RectDrawObject.h">
      <Filter>Header Files\draw_objects</Filter>
    </ClInclude>
    <ClInclude Include="RectDrawSystem.h">
      <Filter>Header Files\draw_systems</Filter>
    </ClInclude>
    <ClInclude Include="..\Library\tfxlibs\include\common\tfx_utils.h">
      <Filter>Header Files\common</Filter>
    </ClInclude>
    <ClInclude Include="RenderUtil.h">
      <Filter>Header Files\render</Filter>
    </ClInclude>
    <ClInclude Include="TriangleDrawSystem.h">
      <Filter>Header Files\draw_systems</Filter>
    </ClInclude>
    <ClInclude Include="TriangleDrawObject.h">
      <Filter>Header Files\draw_objects</Filter>
    </ClInclude>
    <ClInclude Include="TextDrawSystem.h">
      <Filter>Header Files\draw_systems</Filter>
    </ClInclude>
    <ClInclude Include="..\Library\tfxlibs\include\graphics\fonts\xfontrenderer.h">
      <Filter>Header Files\graphics\fonts</Filter>
    </ClInclude>
    <ClInclude Include="..\Library\tfxlibs\include\graphics\fonts\xfont.h">
      <Filter>Header Files\graphics\fonts</Filter>
    </ClInclude>
    <ClInclude Include="GLBitmapFontRenderer.h">
      <Filter>Header Files\render</Filter>
    </ClInclude>
    <ClInclude Include="GLSdfFontRenderer.h">
      <Filter>Header Files\render</Filter>
    </ClInclude>
    <ClInclude Include="..\Library\tfxlibs\include\graphics\camera\xcamera.h">
      <Filter>Header Files\graphics\camera</Filter>
    </ClInclude>
    <ClInclude Include="..\Library\tfxlibs\include\common\typext.h">
      <Filter>Header Files\common</Filter>
    </ClInclude>
    <ClInclude Include="..\Library\tfxlibs\include\graphics\fonts\xfontatlas.h">
      <Filter>Header Files\graphics\fonts</Filter>
    </ClInclude>
    <ClInclude Include="FreeTypeFont.h">
      <Filter>Header Files\render</Filter>
    </ClInclude>
    <ClInclude Include="TextDrawObject.h">
      <Filter>Header Files\draw_objects</Filter>
    </ClInclude>
    <ClInclude Include="FontAtlasMSDFGen.h">
      <Filter>Header Files\render</Filter>
    </ClInclude>
    <ClInclude Include="..\Library\tfxlibs\include\common\tfx_type_traits.h">
      <Filter>Header Files\common</Filter>
    </ClInclude>
    <ClInclude Include="..\Library\tfxlibs\include\common\macros.h">
      <Filter>Header Files\common</Filter>
    </ClInclude>
  </ItemGroup>
  <ItemGroup>
    <ClCompile Include="dllmain.cpp">
      <Filter>Source Files</Filter>
    </ClCompile>
    <ClCompile Include="PCBView.cpp">
      <Filter>Source Files</Filter>
    </ClCompile>
    <ClCompile Include="PCBViewIF.cpp">
      <Filter>Source Files</Filter>
    </ClCompile>
    <ClCompile Include="WInputDeviceMap.cpp">
      <Filter>Source Files</Filter>
    </ClCompile>
    <ClCompile Include="..\Library\tfxlibs\src\graphics\rendering\shader\xglshader.cpp">
      <Filter>Source Files\graphics</Filter>
    </ClCompile>
    <ClCompile Include="RenderModelManager.cpp">
      <Filter>Source Files</Filter>
    </ClCompile>
    <ClCompile Include="DrawObject.cpp">
      <Filter>Source Files</Filter>
    </ClCompile>
    <ClCompile Include="PolyDrawObject.cpp">
      <Filter>Source Files\draw_objects</Filter>
    </ClCompile>
    <ClCompile Include="GLRenderDataBuilder.cpp">
      <Filter>Source Files\render</Filter>
    </ClCompile>
    <ClCompile Include="GLRenderer.cpp">
      <Filter>Source Files\render</Filter>
    </ClCompile>
    <ClCompile Include="RenderCache.cpp">
      <Filter>Source Files\render</Filter>
    </ClCompile>
    <ClCompile Include="RenderEngine.cpp">
      <Filter>Source Files\render</Filter>
    </ClCompile>
    <ClCompile Include="GLRenderData.cpp">
      <Filter>Source Files\render</Filter>
    </ClCompile>
    <ClCompile Include="GLRenderEngine.cpp">
      <Filter>Source Files\render</Filter>
    </ClCompile>
    <ClCompile Include="LineDrawSystem.cpp">
      <Filter>Source Files\draw_systems</Filter>
    </ClCompile>
    <ClCompile Include="LineDrawObject.cpp">
      <Filter>Source Files\draw_objects</Filter>
    </ClCompile>
    <ClCompile Include="PolyDrawSystem.cpp">
      <Filter>Source Files\draw_systems</Filter>
    </ClCompile>
    <ClCompile Include="CircleDrawSystem.cpp">
      <Filter>Source Files\draw_systems</Filter>
    </ClCompile>
    <ClCompile Include="CircleDrawObject.cpp">
      <Filter>Source Files\draw_objects</Filter>
    </ClCompile>
    <ClCompile Include="RectDrawSystem.cpp">
      <Filter>Source Files\draw_systems</Filter>
    </ClCompile>
    <ClCompile Include="RectDrawObject.cpp">
      <Filter>Source Files\draw_objects</Filter>
    </ClCompile>
    <ClCompile Include="RenderUtil.cpp">
      <Filter>Source Files\render</Filter>
    </ClCompile>
    <ClCompile Include="TriangleDrawSystem.cpp">
      <Filter>Source Files\draw_systems</Filter>
    </ClCompile>
    <ClCompile Include="TriangleDrawObject.cpp">
      <Filter>Source Files\draw_objects</Filter>
    </ClCompile>
    <ClCompile Include="TextDrawSystem.cpp">
      <Filter>Source Files\draw_systems</Filter>
    </ClCompile>
    <ClCompile Include="GLBitmapFontRenderer.cpp">
      <Filter>Source Files\render</Filter>
    </ClCompile>
    <ClCompile Include="GLSdfFontRenderer.cpp">
      <Filter>Source Files\render</Filter>
    </ClCompile>
    <ClCompile Include="..\Library\tfxlibs\src\graphics\Camera\xcamera.cpp">
      <Filter>Source Files\graphics\camera</Filter>
    </ClCompile>
    <ClCompile Include="FreeTypeFont.cpp">
      <Filter>Source Files\render</Filter>
    </ClCompile>
    <ClCompile Include="TextDrawObject.cpp">
      <Filter>Source Files\draw_objects</Filter>
    </ClCompile>
    <ClCompile Include="FontAtlasMSDFGen.cpp">
      <Filter>Source Files\render</Filter>
    </ClCompile>
    <ClCompile Include="..\Library\tfxlibs\src\common\tfx_utils.cpp">
      <Filter>Source Files\common</Filter>
    </ClCompile>
  </ItemGroup>
</Project>