<?xml version="1.0" encoding="utf-8"?>
<Project ToolsVersion="4.0" xmlns="http://schemas.microsoft.com/developer/msbuild/2003">
  <ItemGroup>
    <Filter Include="Source Files">
      <UniqueIdentifier>{4FC737F1-C7A5-4376-A066-2A32D752A2FF}</UniqueIdentifier>
      <Extensions>cpp;c;cc;cxx;c++;cppm;ixx;def;odl;idl;hpj;bat;asm;asmx</Extensions>
    </Filter>
    <Filter Include="Header Files">
      <UniqueIdentifier>{93995380-89BD-4b04-88EB-625FBE52EBFB}</UniqueIdentifier>
      <Extensions>h;hh;hpp;hxx;h++;hm;inl;inc;ipp;xsd</Extensions>
    </Filter>
    <Filter Include="Resource Files">
      <UniqueIdentifier>{67DA6AB6-F800-4c08-8B7A-83BB121AAD01}</UniqueIdentifier>
      <Extensions>rc;ico;cur;bmp;dlg;rc2;rct;bin;rgs;gif;jpg;jpeg;jpe;resx;tiff;tif;png;wav;mfcribbon-ms</Extensions>
    </Filter>
    <Filter Include="Header Files\graphics">
      <UniqueIdentifier>{1df7fc74-ad9f-4aa0-b38c-f8cd312ad05d}</UniqueIdentifier>
    </Filter>
    <Filter Include="Header Files\modules">
      <UniqueIdentifier>{6a56458e-c108-4442-a46c-62206b7c33fe}</UniqueIdentifier>
    </Filter>
    <Filter Include="Header Files\common">
      <UniqueIdentifier>{924cc71f-34b0-4f51-adde-a791dabe473a}</UniqueIdentifier>
    </Filter>
    <Filter Include="Source Files\common">
      <UniqueIdentifier>{108991a1-fd37-44de-b90a-1407108701ea}</UniqueIdentifier>
    </Filter>
    <Filter Include="Source Files\graphics">
      <UniqueIdentifier>{6e0f50d1-38b6-4fd6-b148-237af74ee61a}</UniqueIdentifier>
    </Filter>
    <Filter Include="Source Files\modules">
      <UniqueIdentifier>{ca06c37a-8450-4284-9629-92a9f91e0e79}</UniqueIdentifier>
    </Filter>
    <Filter Include="Header Files\render_objects">
      <UniqueIdentifier>{ba16ffe8-b3ab-4803-8d06-89a5173a2c73}</UniqueIdentifier>
    </Filter>
    <Filter Include="Source Files\render_objects">
      <UniqueIdentifier>{f1a54e52-1cb0-4678-81f3-bca621c1e56f}</UniqueIdentifier>
    </Filter>
    <Filter Include="Header Files\shape_objects">
      <UniqueIdentifier>{7c9e8829-fb50-4577-883e-056883d1e014}</UniqueIdentifier>
    </Filter>
    <Filter Include="Source Files\shape_objects">
      <UniqueIdentifier>{70a884e8-ae7f-4f78-b260-456710661fa4}</UniqueIdentifier>
    </Filter>
  </ItemGroup>
  <ItemGroup>
    <ClInclude Include="PCBView.h">
      <Filter>Header Files</Filter>
    </ClInclude>
    <ClInclude Include="PCBViewIF.h">
      <Filter>Header Files</Filter>
    </ClInclude>
    <ClInclude Include="PCBViewDef.h">
      <Filter>Header Files</Filter>
    </ClInclude>
    <ClInclude Include="..\Library\tfxlibs\include\graphics\camera\xcamera.h">
      <Filter>Header Files\graphics</Filter>
    </ClInclude>
    <ClInclude Include="..\Library\tfxlibs\include\common\tfxtype.h">
      <Filter>Header Files\common</Filter>
    </ClInclude>
    <ClInclude Include="..\Library\tfxlibs\include\common\tfxdef.h">
      <Filter>Header Files\common</Filter>
    </ClInclude>
    <ClInclude Include="..\Library\tfxlibs\include\graphics\rendering\xrenderable.h">
      <Filter>Header Files\graphics</Filter>
    </ClInclude>
    <ClInclude Include="..\Library\tfxlibs\include\graphics\rendering\xtfxrender.h">
      <Filter>Header Files\graphics</Filter>
    </ClInclude>
    <ClInclude Include="..\Library\tfxlibs\include\graphics\rendering\xopenglrenderer.h">
      <Filter>Header Files\graphics</Filter>
    </ClInclude>
    <ClInclude Include="..\Library\tfxlibs\include\graphics\rendering\xrendertype.h">
      <Filter>Header Files\graphics</Filter>
    </ClInclude>
    <ClInclude Include="ViewBehavior.h">
      <Filter>Header Files</Filter>
    </ClInclude>
    <ClInclude Include="..\Library\tfxlibs\include\modules\inputdevice.h">
      <Filter>Header Files\modules</Filter>
    </ClInclude>
    <ClInclude Include="WInputDeviceMap.h">
      <Filter>Header Files</Filter>
    </ClInclude>
    <ClInclude Include="..\Library\tfxlibs\include\common\apicom.h">
      <Filter>Header Files\common</Filter>
    </ClInclude>
    <ClInclude Include="..\Library\tfxlibs\include\common\apidef.h">
      <Filter>Header Files\common</Filter>
    </ClInclude>
    <ClInclude Include="..\Library\tfxlibs\include\common\dllexports.h">
      <Filter>Header Files\common</Filter>
    </ClInclude>
    <ClInclude Include="..\Library\tfxlibs\include\graphics\rendering\shader\xshader.h">
      <Filter>Header Files\graphics</Filter>
    </ClInclude>
    <ClInclude Include="..\Library\tfxlibs\include\graphics\rendering\shader\xglshader.h">
      <Filter>Header Files\graphics</Filter>
    </ClInclude>
    <ClInclude Include="..\Library\tfxlibs\include\graphics\rendering\shape\xshapedata.h">
      <Filter>Header Files\graphics</Filter>
    </ClInclude>
    <ClInclude Include="..\Library\tfxlibs\include\graphics\rendering\shape\xglpolyrender.h">
      <Filter>Header Files\graphics</Filter>
    </ClInclude>
    <ClInclude Include="RenderModelManager.h">
      <Filter>Header Files</Filter>
    </ClInclude>
    <ClInclude Include="DrawObject.h">
      <Filter>Header Files</Filter>
    </ClInclude>
    <ClInclude Include="PCBViewType.h">
      <Filter>Header Files</Filter>
    </ClInclude>
    <ClInclude Include="PolyObjectDrawer.h">
      <Filter>Header Files\render_objects</Filter>
    </ClInclude>
    <ClInclude Include="PolyDrawObject.h">
      <Filter>Header Files\shape_objects</Filter>
    </ClInclude>
    <ClInclude Include="RenderDataBuilder.h">
      <Filter>Header Files\render_objects</Filter>
    </ClInclude>
    <ClInclude Include="GLRenderDataBuilder.h">
      <Filter>Header Files\render_objects</Filter>
    </ClInclude>
  </ItemGroup>
  <ItemGroup>
    <ClCompile Include="dllmain.cpp">
      <Filter>Source Files</Filter>
    </ClCompile>
    <ClCompile Include="PCBView.cpp">
      <Filter>Source Files</Filter>
    </ClCompile>
    <ClCompile Include="PCBViewIF.cpp">
      <Filter>Source Files</Filter>
    </ClCompile>
    <ClCompile Include="..\Library\tfxlibs\src\graphics\Camera\xcamera.cpp">
      <Filter>Source Files\graphics</Filter>
    </ClCompile>
    <ClCompile Include="..\Library\tfxlibs\src\graphics\rendering\xopenglrenderer.cpp">
      <Filter>Source Files\graphics</Filter>
    </ClCompile>
    <ClCompile Include="WInputDeviceMap.cpp">
      <Filter>Source Files</Filter>
    </ClCompile>
    <ClCompile Include="..\Library\tfxlibs\src\graphics\rendering\shader\xglshader.cpp">
      <Filter>Source Files\graphics</Filter>
    </ClCompile>
    <ClCompile Include="..\Library\tfxlibs\src\graphics\rendering\shape\xglpolyrender.cpp">
      <Filter>Source Files\graphics</Filter>
    </ClCompile>
    <ClCompile Include="RenderModelManager.cpp">
      <Filter>Source Files</Filter>
    </ClCompile>
    <ClCompile Include="DrawObject.cpp">
      <Filter>Source Files</Filter>
    </ClCompile>
    <ClCompile Include="PolyObjectDrawer.cpp">
      <Filter>Source Files\render_objects</Filter>
    </ClCompile>
    <ClCompile Include="PolyDrawObject.cpp">
      <Filter>Source Files\shape_objects</Filter>
    </ClCompile>
    <ClCompile Include="RenderDataBuilder.cpp">
      <Filter>Source Files\render_objects</Filter>
    </ClCompile>
    <ClCompile Include="GLRenderDataBuilder.cpp">
      <Filter>Source Files\render_objects</Filter>
    </ClCompile>
  </ItemGroup>
</Project>